github.com/EvgenyPrf/protos v0.0.0-20251026150333-09b004b1c398 h1:UET38y78BIydcMSh+J7Xn0OvE7LgTxonlz9IiqdhAoY=
github.com/EvgenyPrf/protos v0.0.0-20251026150333-09b004b1c398/go.mod h1:dyOXGOu8QHcaQMi1YFYus2YGqYvaI2P6xGuFDjlT3eQ=
github.com/EvgenyPrf/protos v0.0.1/go.mod h1:dyOXGOu8QHcaQMi1YFYus2YGqYvaI2P6xGuFDjlT3eQ=
